<?xml version="1.0" encoding="utf-8"?>
<Project ToolsVersion="4.0" xmlns="http://schemas.microsoft.com/developer/msbuild/2003">
  <ItemGroup>
    <Filter Include="Source Files">
      <UniqueIdentifier>{4FC737F1-C7A5-4376-A066-2A32D752A2FF}</UniqueIdentifier>
      <Extensions>cpp;c;cc;cxx;def;odl;idl;hpj;bat;asm;asmx</Extensions>
    </Filter>
    <Filter Include="Header Files">
      <UniqueIdentifier>{93995380-89BD-4b04-88EB-625FBE52EBFB}</UniqueIdentifier>
      <Extensions>h;hh;hpp;hxx;hm;inl;inc;ipp;xsd</Extensions>
    </Filter>
    <Filter Include="Resource Files">
      <UniqueIdentifier>{67DA6AB6-F800-4c08-8B7A-83BB121AAD01}</UniqueIdentifier>
      <Extensions>rc;ico;cur;bmp;dlg;rc2;rct;bin;rgs;gif;jpg;jpeg;jpe;resx;tiff;tif;png;wav;mfcribbon-ms</Extensions>
    </Filter>
  </ItemGroup>
  <ItemGroup>
    <ClCompile Include="Source\Main.cpp">
      <Filter>Source Files</Filter>
    </ClCompile>
    <ClCompile Include="Source\Game.cpp">
      <Filter>Source Files</Filter>
    </ClCompile>
    <ClCompile Include="Source\Graphics\TextureCache.cpp">
      <Filter>Source Files</Filter>
    </ClCompile>
    <ClCompile Include="Source\GameStates\GameplayState.cpp">
      <Filter>Source Files</Filter>
    </ClCompile>
    <ClCompile Include="Source\GameStates\GameStateManager.cpp">
      <Filter>Source Files</Filter>
    </ClCompile>
    <ClCompile Include="Source\AudioCache.cpp">
      <Filter>Source Files</Filter>
    </ClCompile>
    <ClCompile Include="Source\Graphics\FontCache.cpp">
      <Filter>Source Files</Filter>
    </ClCompile>
    <ClCompile Include="Source\Graphics\Text.cpp">
      <Filter>Source Files</Filter>
    </ClCompile>
    <ClCompile Include="Source\World\World.cpp">
      <Filter>Source Files</Filter>
    </ClCompile>
    <ClCompile Include="Source\Random.cpp">
      <Filter>Source Files</Filter>
    </ClCompile>
    <ClCompile Include="Source\World\Tile\Tile.cpp">
      <Filter>Source Files</Filter>
    </ClCompile>
    <ClCompile Include="Source\World\Ecs\Component.cpp">
      <Filter>Source Files</Filter>
    </ClCompile>
    <ClCompile Include="Source\World\Ecs\Entity.cpp">
      <Filter>Source Files</Filter>
    </ClCompile>
    <ClCompile Include="Source\World\Ecs\EntityManager.cpp">
      <Filter>Source Files</Filter>
    </ClCompile>
    <ClCompile Include="Source\World\Ecs\RenderSystem.cpp">
      <Filter>Source Files</Filter>
    </ClCompile>
    <ClCompile Include="Source\World\Ecs\MovementSystem.cpp">
      <Filter>Source Files</Filter>
    </ClCompile>
    <ClCompile Include="Source\World\Ecs\CameraSystem.cpp">
      <Filter>Source Files</Filter>
    </ClCompile>
    <ClCompile Include="Source\World\Ecs\HealthSystem.cpp">
      <Filter>Source Files</Filter>
    </ClCompile>
    <ClCompile Include="Source\Graphics\Animation.cpp">
      <Filter>Source Files</Filter>
    </ClCompile>
    <ClCompile Include="Source\Graphics\Gui\Gui.cpp">
      <Filter>Source Files</Filter>
    </ClCompile>
    <ClCompile Include="Source\Graphics\Gui\GuiCanvas.cpp">
      <Filter>Source Files</Filter>
    </ClCompile>
    <ClCompile Include="Source\Graphics\Gui\TextButton.cpp">
      <Filter>Source Files</Filter>
    </ClCompile>
    <ClCompile Include="Source\Graphics\Gui\TextureTextButton.cpp">
      <Filter>Source Files</Filter>
    </ClCompile>
    <ClCompile Include="Source\World\Tile\AnimationTile.cpp">
      <Filter>Source Files</Filter>
    </ClCompile>
    <ClCompile Include="Source\World\Tile\TextureTile.cpp">
      <Filter>Source Files</Filter>
    </ClCompile>
    <ClCompile Include="Source\Graphics\Hud\HudManager.cpp">
      <Filter>Source Files</Filter>
    </ClCompile>
    <ClCompile Include="Source\Graphics\Hud\MessageOutput.cpp">
      <Filter>Source Files</Filter>
    </ClCompile>
    <ClCompile Include="Source\Graphics\Gui\TextureButton.cpp">
      <Filter>Source Files</Filter>
    </ClCompile>
    <ClCompile Include="Source\Graphics\Hud\HealthBar.cpp">
      <Filter>Source Files</Filter>
    </ClCompile>
    <ClCompile Include="Source\World\Ecs\HostileSystem.cpp">
      <Filter>Source Files</Filter>
    </ClCompile>
    <ClCompile Include="Source\World\Ecs\AttackSystem.cpp">
      <Filter>Source Files</Filter>
    </ClCompile>
    <ClCompile Include="Source\Graphics\Hud\Info.cpp">
      <Filter>Source Files</Filter>
    </ClCompile>
    <ClCompile Include="Source\GameStates\ShopState.cpp">
      <Filter>Source Files</Filter>
    </ClCompile>
    <ClCompile Include="Source\GameStates\MainMenuState.cpp">
      <Filter>Source Files</Filter>
    </ClCompile>
    <ClCompile Include="Source\GameStates\AboutMenuState.cpp">
      <Filter>Source Files</Filter>
    </ClCompile>
    <ClCompile Include="Source\GameStates\WinMenuState.cpp">
      <Filter>Source Files</Filter>
    </ClCompile>
    <ClCompile Include="Source\GameStates\GameOverMenuState.cpp">
      <Filter>Source Files</Filter>
    </ClCompile>
    <ClCompile Include="Source\GameStates\PauseMenuState.cpp">
      <Filter>Source Files</Filter>
    </ClCompile>
    <ClCompile Include="Source\GameStates\LevelPassMenuState.cpp">
      <Filter>Source Files</Filter>
    </ClCompile>
  </ItemGroup>
  <ItemGroup>
    <ClInclude Include="Source\Debug.h">
      <Filter>Header Files</Filter>
    </ClInclude>
    <ClInclude Include="Source\Game.h">
      <Filter>Header Files</Filter>
    </ClInclude>
    <ClInclude Include="Source\Graphics\TextureCache.h">
      <Filter>Header Files</Filter>
    </ClInclude>
    <ClInclude Include="Source\GameStates\GameState.h">
      <Filter>Header Files</Filter>
    </ClInclude>
    <ClInclude Include="Source\GameStates\GameplayState.h">
      <Filter>Header Files</Filter>
    </ClInclude>
    <ClInclude Include="Source\GameStates\GameStateManager.h">
      <Filter>Header Files</Filter>
    </ClInclude>
    <ClInclude Include="Source\AudioCache.h">
      <Filter>Header Files</Filter>
    </ClInclude>
    <ClInclude Include="Source\Graphics\FontCache.h">
      <Filter>Header Files</Filter>
    </ClInclude>
    <ClInclude Include="Source\Graphics\Text.h">
      <Filter>Header Files</Filter>
    </ClInclude>
    <ClInclude Include="Source\World\World.h">
      <Filter>Header Files</Filter>
    </ClInclude>
    <ClInclude Include="Source\Random.h">
      <Filter>Header Files</Filter>
    </ClInclude>
    <ClInclude Include="Source\World\Tile\Tile.h">
      <Filter>Header Files</Filter>
    </ClInclude>
    <ClInclude Include="Source\World\Ecs\Component.h">
      <Filter>Header Files</Filter>
    </ClInclude>
    <ClInclude Include="Source\World\Ecs\Entity.h">
      <Filter>Header Files</Filter>
    </ClInclude>
    <ClInclude Include="Source\World\Ecs\EntityManager.h">
      <Filter>Header Files</Filter>
    </ClInclude>
    <ClInclude Include="Source\World\Ecs\RenderSystem.h">
      <Filter>Header Files</Filter>
    </ClInclude>
    <ClInclude Include="Source\World\Ecs\MovementSystem.h">
      <Filter>Header Files</Filter>
    </ClInclude>
    <ClInclude Include="Source\World\Ecs\CameraSystem.h">
      <Filter>Header Files</Filter>
    </ClInclude>
    <ClInclude Include="Source\World\Ecs\HealthSystem.h">
      <Filter>Header Files</Filter>
    </ClInclude>
    <ClInclude Include="Source\Graphics\Animation.h">
      <Filter>Header Files</Filter>
    </ClInclude>
    <ClInclude Include="Source\Graphics\Gui\Gui.h">
      <Filter>Header Files</Filter>
    </ClInclude>
    <ClInclude Include="Source\Graphics\Gui\GuiCanvas.h">
      <Filter>Header Files</Filter>
    </ClInclude>
    <ClInclude Include="Source\Graphics\Gui\TextButton.h">
      <Filter>Header Files</Filter>
    </ClInclude>
    <ClInclude Include="Source\Graphics\Gui\TextureTextButton.h">
      <Filter>Header Files</Filter>
    </ClInclude>
    <ClInclude Include="Source\Graphics\Gui\ButtonHoverEffect.h">
      <Filter>Header Files</Filter>
    </ClInclude>
    <ClInclude Include="Source\World\Tile\AnimationTile.h">
      <Filter>Header Files</Filter>
    </ClInclude>
    <ClInclude Include="Source\World\Tile\TextureTile.h">
      <Filter>Header Files</Filter>
    </ClInclude>
    <ClInclude Include="Source\Graphics\Hud\HudManager.h">
      <Filter>Header Files</Filter>
    </ClInclude>
    <ClInclude Include="Source\Graphics\Hud\MessageOutput.h">
      <Filter>Header Files</Filter>
    </ClInclude>
    <ClInclude Include="Source\Graphics\Gui\TextureButton.h">
      <Filter>Header Files</Filter>
    </ClInclude>
    <ClInclude Include="Source\Graphics\Hud\HealthBar.h">
      <Filter>Header Files</Filter>
    </ClInclude>
    <ClInclude Include="Source\World\Ecs\HostileSystem.h">
      <Filter>Header Files</Filter>
    </ClInclude>
    <ClInclude Include="Source\World\Ecs\AttackSystem.h">
      <Filter>Header Files</Filter>
    </ClInclude>
    <ClInclude Include="Source\World\Ecs\Projectile.h">
      <Filter>Header Files</Filter>
    </ClInclude>
    <ClInclude Include="Source\Graphics\Hud\Info.h">
      <Filter>Header Files</Filter>
    </ClInclude>
    <ClInclude Include="Source\GameStates\ShopState.h">
      <Filter>Header Files</Filter>
    </ClInclude>
    <ClInclude Include="Source\GameStates\MainMenuState.h">
      <Filter>Header Files</Filter>
    </ClInclude>
    <ClInclude Include="Source\GameStates\AboutMenuState.h">
      <Filter>Header Files</Filter>
    </ClInclude>
    <ClInclude Include="Source\GameStates\WinMenuState.h">
      <Filter>Header Files</Filter>
    </ClInclude>
    <ClInclude Include="Source\GameStates\GameOverMenuState.h">
      <Filter>Header Files</Filter>
    </ClInclude>
    <ClInclude Include="Source\GameStates\PauseMenuState.h">
      <Filter>Header Files</Filter>
    </ClInclude>
    <ClInclude Include="Source\GameStates\LevelPassMenuState.h">
      <Filter>Header Files</Filter>
    </ClInclude>
    <ClInclude Include="resource.h">
      <Filter>Header Files</Filter>
    </ClInclude>
  </ItemGroup>
  <ItemGroup>
    <Image Include="Resources\Textures\TileSheet.png">
      <Filter>Resource Files</Filter>
    </Image>
    <Image Include="Resources\Textures\EntitySheet.png">
      <Filter>Resource Files</Filter>
    </Image>
    <Image Include="Resources\Textures\UiSheet.png">
      <Filter>Resource Files</Filter>
    </Image>
    <Image Include="Resources\Levels\Level1.png">
      <Filter>Resource Files</Filter>
    </Image>
    <Image Include="Resources\Levels\Level10.png">
      <Filter>Resource Files</Filter>
    </Image>
    <Image Include="Resources\Levels\Level2.png">
      <Filter>Resource Files</Filter>
    </Image>
    <Image Include="Resources\Levels\Level3.png">
      <Filter>Resource Files</Filter>
    </Image>
    <Image Include="Resources\Levels\Level4.png">
      <Filter>Resource Files</Filter>
    </Image>
    <Image Include="Resources\Levels\Level5.png">
      <Filter>Resource Files</Filter>
    </Image>
    <Image Include="Resources\Levels\Level6.png">
      <Filter>Resource Files</Filter>
    </Image>
    <Image Include="Resources\Levels\Level7.png">
      <Filter>Resource Files</Filter>
    </Image>
    <Image Include="Resources\Levels\Level8.png">
      <Filter>Resource Files</Filter>
    </Image>
    <Image Include="Resources\Levels\Level9.png">
      <Filter>Resource Files</Filter>
    </Image>
    <Image Include="Resources\Docs\Screenshot2.png">
      <Filter>Resource Files</Filter>
    </Image>
    <Image Include="Resources\Docs\Screenshot1.png">
      <Filter>Resource Files</Filter>
    </Image>
    <Image Include="Resources\Textures\Icon.ico">
      <Filter>Resource Files</Filter>
    </Image>
  </ItemGroup>
  <ItemGroup>
    <None Include="Resources\Save.dat" />
    <None Include="Resources\Audio\Music\Track1.mid" />
    <None Include="Resources\Audio\Music\Track2.mid" />
    <None Include="Resources\Audio\Music\Track3.mid" />
    <None Include="Resources\Audio\Music\Track4.mid" />
  </ItemGroup>
  <ItemGroup>
    <Font Include="Resources\Fonts\Font.ttf" />
  </ItemGroup>
  <ItemGroup>
    <Text Include="Resources\Docs\Ideas.txt" />
  </ItemGroup>
  <ItemGroup>
    <Media Include="Resources\Audio\Chunks\Select.wav">
      <Filter>Resource Files</Filter>
    </Media>
    <Media Include="Resources\Audio\Chunks\Hurt.wav">
      <Filter>Resource Files</Filter>
    </Media>
    <Media Include="Resources\Audio\Chunks\Attack.wav">
      <Filter>Resource Files</Filter>
    </Media>
    <Media Include="Resources\Audio\Chunks\Break.wav">
      <Filter>Resource Files</Filter>
    </Media>
    <Media Include="Resources\Audio\Chunks\Hostile.wav">
      <Filter>Resource Files</Filter>
    </Media>
    <Media Include="Resources\Audio\Chunks\Hit.wav">
      <Filter>Resource Files</Filter>
    </Media>
    <Media Include="Resources\Audio\Chunks\Remove.wav">
      <Filter>Resource Files</Filter>
    </Media>
    <Media Include="Resources\Audio\Chunks\Place.wav">
      <Filter>Resource Files</Filter>
    </Media>
  </ItemGroup>
  <ItemGroup>
    <ResourceCompile Include="Resource.rc">
      <Filter>Resource Files</Filter>
    </ResourceCompile>
  </ItemGroup>
</Project>